
Microsoft Visual Studio Solution File, Format Version 12.00
# Visual Studio Version 17
VisualStudioVersion = 17.5.002.0
MinimumVisualStudioVersion = 10.0.40219.1
Project("{9A19103F-16F7-4668-BE54-9A1E7A4F7556}") = "CopyPaster", "CopyPaster\CopyPaster.csproj", "{6A5E3C65-B35F-414E-AD93-4943EA4442C7}"
EndProject
Global
	GlobalSection(SolutionConfigurationPlatforms) = preSolution
		Debug|Any CPU = Debug|Any CPU
		Release|Any CPU = Release|Any CPU
	EndGlobalSection
	GlobalSection(ProjectConfigurationPlatforms) = postSolution
		{6A5E3C65-B35F-414E-AD93-4943EA4442C7}.Debug|Any CPU.ActiveCfg = Debug|Any CPU
		{6A5E3C65-B35F-414E-AD93-4943EA4442C7}.Debug|Any CPU.Build.0 = Debug|Any CPU
		{6A5E3C65-B35F-414E-AD93-4943EA4442C7}.Release|Any CPU.ActiveCfg = Release|Any CPU
		{6A5E3C65-B35F-414E-AD93-4943EA4442C7}.Release|Any CPU.Build.0 = Release|Any CPU
	EndGlobalSection
	GlobalSection(SolutionProperties) = preSolution
		HideSolutionNode = FALSE
	EndGlobalSection
	GlobalSection(ExtensibilityGlobals) = postSolution
		SolutionGuid = {25AF1A37-6FBE-4E50-B4C7-2ECEAB4EED32}
	EndGlobalSection
EndGlobal
